
Microsoft Visual Studio Solution File, Format Version 12.00
# Visual Studio Version 16
VisualStudioVersion = 25.0.1704.3
MinimumVisualStudioVersion = 10.0.40219.1
Project("{FAE04EC0-301F-11D3-BF4B-00C04F79EFBC}") = "github respo", "github respo\github respo.csproj", "{0EBC9DAC-DC6F-4C70-8CCE-2D91EE54B53D}"
EndProject
Global
	GlobalSection(SolutionConfigurationPlatforms) = preSolution
		Debug|Any CPU = Debug|Any CPU
		Release|Any CPU = Release|Any CPU
	EndGlobalSection
	GlobalSection(ProjectConfigurationPlatforms) = postSolution
		{0EBC9DAC-DC6F-4C70-8CCE-2D91EE54B53D}.Debug|Any CPU.ActiveCfg = Debug|Any CPU
		{0EBC9DAC-DC6F-4C70-8CCE-2D91EE54B53D}.Debug|Any CPU.Build.0 = Debug|Any CPU
		{0EBC9DAC-DC6F-4C70-8CCE-2D91EE54B53D}.Release|Any CPU.ActiveCfg = Release|Any CPU
		{0EBC9DAC-DC6F-4C70-8CCE-2D91EE54B53D}.Release|Any CPU.Build.0 = Release|Any CPU
	EndGlobalSection
	GlobalSection(SolutionProperties) = preSolution
		HideSolutionNode = FALSE
	EndGlobalSection
	GlobalSection(ExtensibilityGlobals) = postSolution
		SolutionGuid = {D7A00652-04EF-40B2-8DE6-D4CF85DF4954}
	EndGlobalSection
EndGlobal
